
Microsoft Visual Studio Solution File, Format Version 12.00
# Visual Studio 15
VisualStudioVersion = 15.0.27428.2005
MinimumVisualStudioVersion = 10.0.40219.1
Project("{FAE04EC0-301F-11D3-BF4B-00C04F79EFBC}") = "DataAirBnB", "DataAirBnB\DataAirBnB.csproj", "{1E539F95-5D7A-403A-B2D5-95DC3681D209}"
EndProject
Global
	GlobalSection(SolutionConfigurationPlatforms) = preSolution
		Debug|Any CPU = Debug|Any CPU
		Release|Any CPU = Release|Any CPU
	EndGlobalSection
	GlobalSection(ProjectConfigurationPlatforms) = postSolution
		{1E539F95-5D7A-403A-B2D5-95DC3681D209}.Debug|Any CPU.ActiveCfg = Debug|Any CPU
		{1E539F95-5D7A-403A-B2D5-95DC3681D209}.Debug|Any CPU.Build.0 = Debug|Any CPU
		{1E539F95-5D7A-403A-B2D5-95DC3681D209}.Release|Any CPU.ActiveCfg = Release|Any CPU
		{1E539F95-5D7A-403A-B2D5-95DC3681D209}.Release|Any CPU.Build.0 = Release|Any CPU
	EndGlobalSection
	GlobalSection(SolutionProperties) = preSolution
		HideSolutionNode = FALSE
	EndGlobalSection
	GlobalSection(ExtensibilityGlobals) = postSolution
		SolutionGuid = {62DF15A0-F301-4CC7-AF42-61B99C9861D0}
	EndGlobalSection
EndGlobal
