
Microsoft Visual Studio Solution File, Format Version 12.00
# Visual Studio 15
VisualStudioVersion = 15.0.27130.2036
MinimumVisualStudioVersion = 10.0.40219.1
Project("{FAE04EC0-301F-11D3-BF4B-00C04F79EFBC}") = "Uppgift3WindowsForms", "Uppgift3WindowsForms\Uppgift3WindowsForms.csproj", "{465F09F7-4202-40C2-B5F8-00F8BC957319}"
EndProject
Global
	GlobalSection(SolutionConfigurationPlatforms) = preSolution
		Debug|Any CPU = Debug|Any CPU
		Release|Any CPU = Release|Any CPU
	EndGlobalSection
	GlobalSection(ProjectConfigurationPlatforms) = postSolution
		{465F09F7-4202-40C2-B5F8-00F8BC957319}.Debug|Any CPU.ActiveCfg = Debug|Any CPU
		{465F09F7-4202-40C2-B5F8-00F8BC957319}.Debug|Any CPU.Build.0 = Debug|Any CPU
		{465F09F7-4202-40C2-B5F8-00F8BC957319}.Release|Any CPU.ActiveCfg = Release|Any CPU
		{465F09F7-4202-40C2-B5F8-00F8BC957319}.Release|Any CPU.Build.0 = Release|Any CPU
	EndGlobalSection
	GlobalSection(SolutionProperties) = preSolution
		HideSolutionNode = FALSE
	EndGlobalSection
	GlobalSection(ExtensibilityGlobals) = postSolution
		SolutionGuid = {ADB7C5E6-1193-4F78-805D-1DB67E9B4FD0}
	EndGlobalSection
EndGlobal
